// !$*UTF8*$!
{
	archiveVersion = 1;
	classes = {
	};
	objectVersion = 55;
	objects = {

/* Begin PBXBuildFile section */
		74510314282C08B70022F444 /* CClin_iOSApp.swift in Sources */ = {isa = PBXBuildFile; fileRef = 74510313282C08B70022F444 /* CClin_iOSApp.swift */; };
		74510316282C08B70022F444 /* ContentView.swift in Sources */ = {isa = PBXBuildFile; fileRef = 74510315282C08B70022F444 /* ContentView.swift */; };
		74510318282C08B90022F444 /* Assets.xcassets in Resources */ = {isa = PBXBuildFile; fileRef = 74510317282C08B90022F444 /* Assets.xcassets */; };
		7451031B282C08B90022F444 /* Preview Assets.xcassets in Resources */ = {isa = PBXBuildFile; fileRef = 7451031A282C08B90022F444 /* Preview Assets.xcassets */; };
		7451031D282C08B90022F444 /* Persistence.swift in Sources */ = {isa = PBXBuildFile; fileRef = 7451031C282C08B90022F444 /* Persistence.swift */; };
		74510320282C08B90022F444 /* CClin_iOS.xcdatamodeld in Sources */ = {isa = PBXBuildFile; fileRef = 7451031E282C08B90022F444 /* CClin_iOS.xcdatamodeld */; };
		74510329282C0A320022F444 /* Color+hex.swift in Sources */ = {isa = PBXBuildFile; fileRef = 74510328282C0A320022F444 /* Color+hex.swift */; };
		7451032B282C0A7A0022F444 /* SelectedTab.swift in Sources */ = {isa = PBXBuildFile; fileRef = 7451032A282C0A7A0022F444 /* SelectedTab.swift */; };
		7451032E282E4FEE0022F444 /* LoginView.swift in Sources */ = {isa = PBXBuildFile; fileRef = 7451032D282E4FEE0022F444 /* LoginView.swift */; };
		74510331282E50120022F444 /* LargeButton.swift in Sources */ = {isa = PBXBuildFile; fileRef = 74510330282E50120022F444 /* LargeButton.swift */; };
		74548E76283B6E6900F3802A /* SponsoredFrontRowView.swift in Sources */ = {isa = PBXBuildFile; fileRef = 74548E75283B6E6900F3802A /* SponsoredFrontRowView.swift */; };
		74548E78283B7A3100F3802A /* SponsoredDetailView.swift in Sources */ = {isa = PBXBuildFile; fileRef = 74548E77283B7A3100F3802A /* SponsoredDetailView.swift */; };
		74548E7A283B7CA200F3802A /* CommentView.swift in Sources */ = {isa = PBXBuildFile; fileRef = 74548E79283B7CA200F3802A /* CommentView.swift */; };
		7457C499282E5158008E7CA5 /* ClubRegisterView1.swift in Sources */ = {isa = PBXBuildFile; fileRef = 7457C498282E5158008E7CA5 /* ClubRegisterView1.swift */; };
		7457C49B282E51ED008E7CA5 /* RoundTextFieldStyle.swift in Sources */ = {isa = PBXBuildFile; fileRef = 7457C49A282E51ED008E7CA5 /* RoundTextFieldStyle.swift */; };
		7457C49D282E5D1D008E7CA5 /* CheckboxToggleStyle.swift in Sources */ = {isa = PBXBuildFile; fileRef = 7457C49C282E5D1D008E7CA5 /* CheckboxToggleStyle.swift */; };
		7457C49F282E6DE1008E7CA5 /* TermView.swift in Sources */ = {isa = PBXBuildFile; fileRef = 7457C49E282E6DE1008E7CA5 /* TermView.swift */; };
		7457C4A1282E989E008E7CA5 /* ClubRegisterView2.swift in Sources */ = {isa = PBXBuildFile; fileRef = 7457C4A0282E989E008E7CA5 /* ClubRegisterView2.swift */; };
		7457C4A4282EA9B2008E7CA5 /* SelectedCategory.swift in Sources */ = {isa = PBXBuildFile; fileRef = 7457C4A3282EA9B2008E7CA5 /* SelectedCategory.swift */; };
		7457C4A6282EBBBB008E7CA5 /* SelectedArea.swift in Sources */ = {isa = PBXBuildFile; fileRef = 7457C4A5282EBBBB008E7CA5 /* SelectedArea.swift */; };
		74793E2E283292A5008CE9F3 /* SelectRegisterTypeView.swift in Sources */ = {isa = PBXBuildFile; fileRef = 74793E2D283292A5008CE9F3 /* SelectRegisterTypeView.swift */; };
		74793E30283296C6008CE9F3 /* RegisterApprovedView.swift in Sources */ = {isa = PBXBuildFile; fileRef = 74793E2F283296C6008CE9F3 /* RegisterApprovedView.swift */; };
		74793E332833313D008CE9F3 /* SponsoredHomeView.swift in Sources */ = {isa = PBXBuildFile; fileRef = 74793E322833313D008CE9F3 /* SponsoredHomeView.swift */; };
		74793E352833378F008CE9F3 /* SearchBar.swift in Sources */ = {isa = PBXBuildFile; fileRef = 74793E342833378F008CE9F3 /* SearchBar.swift */; };
		7482421A2838AF4000BA2023 /* HotCompanyRowView.swift in Sources */ = {isa = PBXBuildFile; fileRef = 748242192838AF4000BA2023 /* HotCompanyRowView.swift */; };
		7482421C2838BC2500BA2023 /* CompanyMyPageView.swift in Sources */ = {isa = PBXBuildFile; fileRef = 7482421B2838BC2500BA2023 /* CompanyMyPageView.swift */; };
		748242242838CF4900BA2023 /* NotificationView.swift in Sources */ = {isa = PBXBuildFile; fileRef = 748242232838CF4900BA2023 /* NotificationView.swift */; };
		748242272838D0EC00BA2023 /* NotificationAllView.swift in Sources */ = {isa = PBXBuildFile; fileRef = 748242262838D0EC00BA2023 /* NotificationAllView.swift */; };
		748242292838D0FE00BA2023 /* NotificationRowView.swift in Sources */ = {isa = PBXBuildFile; fileRef = 748242282838D0FE00BA2023 /* NotificationRowView.swift */; };
		7482422B2838DC1D00BA2023 /* NotificationMyPostView.swift in Sources */ = {isa = PBXBuildFile; fileRef = 7482422A2838DC1D00BA2023 /* NotificationMyPostView.swift */; };
		748242312838E09400BA2023 /* NotifiacationMyCommentView.swift in Sources */ = {isa = PBXBuildFile; fileRef = 748242302838E09400BA2023 /* NotifiacationMyCommentView.swift */; };
		74AB014E2833BB1200996486 /* SponsoredRowView.swift in Sources */ = {isa = PBXBuildFile; fileRef = 74AB014D2833BB1200996486 /* SponsoredRowView.swift */; };
		74AB01562833D2EE00996486 /* SponsoredWritingModel.swift in Sources */ = {isa = PBXBuildFile; fileRef = 74AB01552833D2EE00996486 /* SponsoredWritingModel.swift */; };
		74AB015B2833E04300996486 /* UserModel.swift in Sources */ = {isa = PBXBuildFile; fileRef = 74AB015A2833E04300996486 /* UserModel.swift */; };
		74AB015F2833EEE400996486 /* API.swift in Sources */ = {isa = PBXBuildFile; fileRef = 74AB015E2833EEE400996486 /* API.swift */; };
		74AB01612833F0F000996486 /* Repositories.swift in Sources */ = {isa = PBXBuildFile; fileRef = 74AB01602833F0F000996486 /* Repositories.swift */; };
		74AB01632833F11E00996486 /* HTTPStatusCode+Enum.swift in Sources */ = {isa = PBXBuildFile; fileRef = 74AB01622833F11E00996486 /* HTTPStatusCode+Enum.swift */; };
		74AB01672833F1C400996486 /* RegisterResponse.swift in Sources */ = {isa = PBXBuildFile; fileRef = 74AB01662833F1C400996486 /* RegisterResponse.swift */; };
		74AB01692833F3CB00996486 /* UserLoginManager.swift in Sources */ = {isa = PBXBuildFile; fileRef = 74AB01682833F3CB00996486 /* UserLoginManager.swift */; };
		74AB016B2833F7B000996486 /* LoginResponse.swift in Sources */ = {isa = PBXBuildFile; fileRef = 74AB016A2833F7B000996486 /* LoginResponse.swift */; };
		74B6BCAD28366D0F00168B31 /* RealmUserModel.swift in Sources */ = {isa = PBXBuildFile; fileRef = 74B6BCAC28366D0F00168B31 /* RealmUserModel.swift */; };
		74B6BCAF283795EE00168B31 /* ProgressBar.swift in Sources */ = {isa = PBXBuildFile; fileRef = 74B6BCAE283795EE00168B31 /* ProgressBar.swift */; };
		74B6BCB62837A25900168B31 /* SpoqaHanSansNeo-Bold.otf in Resources */ = {isa = PBXBuildFile; fileRef = 74B6BCB12837A25700168B31 /* SpoqaHanSansNeo-Bold.otf */; };
		74B6BCB72837A25900168B31 /* SpoqaHanSansNeo-Light.otf in Resources */ = {isa = PBXBuildFile; fileRef = 74B6BCB22837A25800168B31 /* SpoqaHanSansNeo-Light.otf */; };
		74B6BCB82837A25900168B31 /* SpoqaHanSansNeo-Medium.otf in Resources */ = {isa = PBXBuildFile; fileRef = 74B6BCB32837A25800168B31 /* SpoqaHanSansNeo-Medium.otf */; };
		74B6BCB92837A25900168B31 /* SpoqaHanSansNeo-Regular.otf in Resources */ = {isa = PBXBuildFile; fileRef = 74B6BCB42837A25900168B31 /* SpoqaHanSansNeo-Regular.otf */; };
		74B6BCBA2837A25900168B31 /* SpoqaHanSansNeo-Thin.otf in Resources */ = {isa = PBXBuildFile; fileRef = 74B6BCB52837A25900168B31 /* SpoqaHanSansNeo-Thin.otf */; };
		74B6BCBD2837A50200168B31 /* Font+SpoqaHanSansNeo.swift in Sources */ = {isa = PBXBuildFile; fileRef = 74B6BCBC2837A50200168B31 /* Font+SpoqaHanSansNeo.swift */; };
		74B6BCC22837B2B100168B31 /* ClubMyPageView.swift in Sources */ = {isa = PBXBuildFile; fileRef = 74B6BCC12837B2B100168B31 /* ClubMyPageView.swift */; };
		74B6BCC728389AF900168B31 /* ClubHomeView.swift in Sources */ = {isa = PBXBuildFile; fileRef = 74B6BCC628389AF900168B31 /* ClubHomeView.swift */; };
		74B6BCC928389B2B00168B31 /* NewAlliance.swift in Sources */ = {isa = PBXBuildFile; fileRef = 74B6BCC828389B2B00168B31 /* NewAlliance.swift */; };
		74B6BCCD2838A34500168B31 /* HotProjectRowView.swift in Sources */ = {isa = PBXBuildFile; fileRef = 74B6BCCC2838A34500168B31 /* HotProjectRowView.swift */; };
		ECFE46911D8E56447EF26F93 /* Pods_CClin_iOS.framework in Frameworks */ = {isa = PBXBuildFile; fileRef = 4A9BD1C3073708F23F2D4FB2 /* Pods_CClin_iOS.framework */; };
/* End PBXBuildFile section */

/* Begin PBXFileReference section */
		2698935A07081062C0D7672D /* Pods-CClin_iOS.release.xcconfig */ = {isa = PBXFileReference; includeInIndex = 1; lastKnownFileType = text.xcconfig; name = "Pods-CClin_iOS.release.xcconfig"; path = "Target Support Files/Pods-CClin_iOS/Pods-CClin_iOS.release.xcconfig"; sourceTree = "<group>"; };
		4A9BD1C3073708F23F2D4FB2 /* Pods_CClin_iOS.framework */ = {isa = PBXFileReference; explicitFileType = wrapper.framework; includeInIndex = 0; path = Pods_CClin_iOS.framework; sourceTree = BUILT_PRODUCTS_DIR; };
		74510310282C08B70022F444 /* CClin_iOS.app */ = {isa = PBXFileReference; explicitFileType = wrapper.application; includeInIndex = 0; path = CClin_iOS.app; sourceTree = BUILT_PRODUCTS_DIR; };
		74510313282C08B70022F444 /* CClin_iOSApp.swift */ = {isa = PBXFileReference; lastKnownFileType = sourcecode.swift; path = CClin_iOSApp.swift; sourceTree = "<group>"; };
		74510315282C08B70022F444 /* ContentView.swift */ = {isa = PBXFileReference; lastKnownFileType = sourcecode.swift; path = ContentView.swift; sourceTree = "<group>"; };
		74510317282C08B90022F444 /* Assets.xcassets */ = {isa = PBXFileReference; lastKnownFileType = folder.assetcatalog; path = Assets.xcassets; sourceTree = "<group>"; };
		7451031A282C08B90022F444 /* Preview Assets.xcassets */ = {isa = PBXFileReference; lastKnownFileType = folder.assetcatalog; path = "Preview Assets.xcassets"; sourceTree = "<group>"; };
		7451031C282C08B90022F444 /* Persistence.swift */ = {isa = PBXFileReference; lastKnownFileType = sourcecode.swift; path = Persistence.swift; sourceTree = "<group>"; };
		7451031F282C08B90022F444 /* CClin_iOS.xcdatamodel */ = {isa = PBXFileReference; lastKnownFileType = wrapper.xcdatamodel; path = CClin_iOS.xcdatamodel; sourceTree = "<group>"; };
		74510328282C0A320022F444 /* Color+hex.swift */ = {isa = PBXFileReference; lastKnownFileType = sourcecode.swift; path = "Color+hex.swift"; sourceTree = "<group>"; };
		7451032A282C0A7A0022F444 /* SelectedTab.swift */ = {isa = PBXFileReference; lastKnownFileType = sourcecode.swift; path = SelectedTab.swift; sourceTree = "<group>"; };
		7451032D282E4FEE0022F444 /* LoginView.swift */ = {isa = PBXFileReference; lastKnownFileType = sourcecode.swift; path = LoginView.swift; sourceTree = "<group>"; };
		74510330282E50120022F444 /* LargeButton.swift */ = {isa = PBXFileReference; lastKnownFileType = sourcecode.swift; path = LargeButton.swift; sourceTree = "<group>"; };
		74548E75283B6E6900F3802A /* SponsoredFrontRowView.swift */ = {isa = PBXFileReference; lastKnownFileType = sourcecode.swift; path = SponsoredFrontRowView.swift; sourceTree = "<group>"; };
		74548E77283B7A3100F3802A /* SponsoredDetailView.swift */ = {isa = PBXFileReference; lastKnownFileType = sourcecode.swift; path = SponsoredDetailView.swift; sourceTree = "<group>"; };
		74548E79283B7CA200F3802A /* CommentView.swift */ = {isa = PBXFileReference; lastKnownFileType = sourcecode.swift; path = CommentView.swift; sourceTree = "<group>"; };
		7457C498282E5158008E7CA5 /* ClubRegisterView1.swift */ = {isa = PBXFileReference; lastKnownFileType = sourcecode.swift; path = ClubRegisterView1.swift; sourceTree = "<group>"; };
		7457C49A282E51ED008E7CA5 /* RoundTextFieldStyle.swift */ = {isa = PBXFileReference; lastKnownFileType = sourcecode.swift; path = RoundTextFieldStyle.swift; sourceTree = "<group>"; };
		7457C49C282E5D1D008E7CA5 /* CheckboxToggleStyle.swift */ = {isa = PBXFileReference; lastKnownFileType = sourcecode.swift; path = CheckboxToggleStyle.swift; sourceTree = "<group>"; };
		7457C49E282E6DE1008E7CA5 /* TermView.swift */ = {isa = PBXFileReference; lastKnownFileType = sourcecode.swift; path = TermView.swift; sourceTree = "<group>"; };
		7457C4A0282E989E008E7CA5 /* ClubRegisterView2.swift */ = {isa = PBXFileReference; lastKnownFileType = sourcecode.swift; path = ClubRegisterView2.swift; sourceTree = "<group>"; };
		7457C4A3282EA9B2008E7CA5 /* SelectedCategory.swift */ = {isa = PBXFileReference; lastKnownFileType = sourcecode.swift; path = SelectedCategory.swift; sourceTree = "<group>"; };
		7457C4A5282EBBBB008E7CA5 /* SelectedArea.swift */ = {isa = PBXFileReference; lastKnownFileType = sourcecode.swift; path = SelectedArea.swift; sourceTree = "<group>"; };
		74793E2D283292A5008CE9F3 /* SelectRegisterTypeView.swift */ = {isa = PBXFileReference; lastKnownFileType = sourcecode.swift; path = SelectRegisterTypeView.swift; sourceTree = "<group>"; };
		74793E2F283296C6008CE9F3 /* RegisterApprovedView.swift */ = {isa = PBXFileReference; lastKnownFileType = sourcecode.swift; path = RegisterApprovedView.swift; sourceTree = "<group>"; };
		74793E322833313D008CE9F3 /* SponsoredHomeView.swift */ = {isa = PBXFileReference; lastKnownFileType = sourcecode.swift; path = SponsoredHomeView.swift; sourceTree = "<group>"; };
		74793E342833378F008CE9F3 /* SearchBar.swift */ = {isa = PBXFileReference; lastKnownFileType = sourcecode.swift; path = SearchBar.swift; sourceTree = "<group>"; };
		748242192838AF4000BA2023 /* HotCompanyRowView.swift */ = {isa = PBXFileReference; lastKnownFileType = sourcecode.swift; path = HotCompanyRowView.swift; sourceTree = "<group>"; };
		7482421B2838BC2500BA2023 /* CompanyMyPageView.swift */ = {isa = PBXFileReference; lastKnownFileType = sourcecode.swift; path = CompanyMyPageView.swift; sourceTree = "<group>"; };
		748242232838CF4900BA2023 /* NotificationView.swift */ = {isa = PBXFileReference; lastKnownFileType = sourcecode.swift; path = NotificationView.swift; sourceTree = "<group>"; };
		748242262838D0EC00BA2023 /* NotificationAllView.swift */ = {isa = PBXFileReference; lastKnownFileType = sourcecode.swift; path = NotificationAllView.swift; sourceTree = "<group>"; };
		748242282838D0FE00BA2023 /* NotificationRowView.swift */ = {isa = PBXFileReference; lastKnownFileType = sourcecode.swift; path = NotificationRowView.swift; sourceTree = "<group>"; };
		7482422A2838DC1D00BA2023 /* NotificationMyPostView.swift */ = {isa = PBXFileReference; lastKnownFileType = sourcecode.swift; path = NotificationMyPostView.swift; sourceTree = "<group>"; };
		748242302838E09400BA2023 /* NotifiacationMyCommentView.swift */ = {isa = PBXFileReference; lastKnownFileType = sourcecode.swift; path = NotifiacationMyCommentView.swift; sourceTree = "<group>"; };
		74AB014D2833BB1200996486 /* SponsoredRowView.swift */ = {isa = PBXFileReference; lastKnownFileType = sourcecode.swift; path = SponsoredRowView.swift; sourceTree = "<group>"; };
		74AB01552833D2EE00996486 /* SponsoredWritingModel.swift */ = {isa = PBXFileReference; lastKnownFileType = sourcecode.swift; path = SponsoredWritingModel.swift; sourceTree = "<group>"; };
		74AB015A2833E04300996486 /* UserModel.swift */ = {isa = PBXFileReference; lastKnownFileType = sourcecode.swift; path = UserModel.swift; sourceTree = "<group>"; };
		74AB015E2833EEE400996486 /* API.swift */ = {isa = PBXFileReference; lastKnownFileType = sourcecode.swift; path = API.swift; sourceTree = "<group>"; };
		74AB01602833F0F000996486 /* Repositories.swift */ = {isa = PBXFileReference; lastKnownFileType = sourcecode.swift; path = Repositories.swift; sourceTree = "<group>"; };
		74AB01622833F11E00996486 /* HTTPStatusCode+Enum.swift */ = {isa = PBXFileReference; lastKnownFileType = sourcecode.swift; path = "HTTPStatusCode+Enum.swift"; sourceTree = "<group>"; };
		74AB01662833F1C400996486 /* RegisterResponse.swift */ = {isa = PBXFileReference; lastKnownFileType = sourcecode.swift; path = RegisterResponse.swift; sourceTree = "<group>"; };
		74AB01682833F3CB00996486 /* UserLoginManager.swift */ = {isa = PBXFileReference; lastKnownFileType = sourcecode.swift; path = UserLoginManager.swift; sourceTree = "<group>"; };
		74AB016A2833F7B000996486 /* LoginResponse.swift */ = {isa = PBXFileReference; lastKnownFileType = sourcecode.swift; path = LoginResponse.swift; sourceTree = "<group>"; };
		74B6BCAC28366D0F00168B31 /* RealmUserModel.swift */ = {isa = PBXFileReference; lastKnownFileType = sourcecode.swift; path = RealmUserModel.swift; sourceTree = "<group>"; };
		74B6BCAE283795EE00168B31 /* ProgressBar.swift */ = {isa = PBXFileReference; lastKnownFileType = sourcecode.swift; path = ProgressBar.swift; sourceTree = "<group>"; };
		74B6BCB12837A25700168B31 /* SpoqaHanSansNeo-Bold.otf */ = {isa = PBXFileReference; lastKnownFileType = file; path = "SpoqaHanSansNeo-Bold.otf"; sourceTree = "<group>"; };
		74B6BCB22837A25800168B31 /* SpoqaHanSansNeo-Light.otf */ = {isa = PBXFileReference; lastKnownFileType = file; path = "SpoqaHanSansNeo-Light.otf"; sourceTree = "<group>"; };
		74B6BCB32837A25800168B31 /* SpoqaHanSansNeo-Medium.otf */ = {isa = PBXFileReference; lastKnownFileType = file; path = "SpoqaHanSansNeo-Medium.otf"; sourceTree = "<group>"; };
		74B6BCB42837A25900168B31 /* SpoqaHanSansNeo-Regular.otf */ = {isa = PBXFileReference; lastKnownFileType = file; path = "SpoqaHanSansNeo-Regular.otf"; sourceTree = "<group>"; };
		74B6BCB52837A25900168B31 /* SpoqaHanSansNeo-Thin.otf */ = {isa = PBXFileReference; lastKnownFileType = file; path = "SpoqaHanSansNeo-Thin.otf"; sourceTree = "<group>"; };
		74B6BCBB2837A3A000168B31 /* CClin-iOS-Info.plist */ = {isa = PBXFileReference; lastKnownFileType = text.plist; path = "CClin-iOS-Info.plist"; sourceTree = SOURCE_ROOT; };
		74B6BCBC2837A50200168B31 /* Font+SpoqaHanSansNeo.swift */ = {isa = PBXFileReference; lastKnownFileType = sourcecode.swift; path = "Font+SpoqaHanSansNeo.swift"; sourceTree = "<group>"; };
		74B6BCC12837B2B100168B31 /* ClubMyPageView.swift */ = {isa = PBXFileReference; lastKnownFileType = sourcecode.swift; path = ClubMyPageView.swift; sourceTree = "<group>"; };
		74B6BCC628389AF900168B31 /* ClubHomeView.swift */ = {isa = PBXFileReference; lastKnownFileType = sourcecode.swift; path = ClubHomeView.swift; sourceTree = "<group>"; };
		74B6BCC828389B2B00168B31 /* NewAlliance.swift */ = {isa = PBXFileReference; lastKnownFileType = sourcecode.swift; path = NewAlliance.swift; sourceTree = "<group>"; };
		74B6BCCC2838A34500168B31 /* HotProjectRowView.swift */ = {isa = PBXFileReference; lastKnownFileType = sourcecode.swift; path = HotProjectRowView.swift; sourceTree = "<group>"; };
		C10F2192C0D7BB381CBC878A /* Pods-CClin_iOS.debug.xcconfig */ = {isa = PBXFileReference; includeInIndex = 1; lastKnownFileType = text.xcconfig; name = "Pods-CClin_iOS.debug.xcconfig"; path = "Target Support Files/Pods-CClin_iOS/Pods-CClin_iOS.debug.xcconfig"; sourceTree = "<group>"; };
/* End PBXFileReference section */

/* Begin PBXFrameworksBuildPhase section */
		7451030D282C08B70022F444 /* Frameworks */ = {
			isa = PBXFrameworksBuildPhase;
			buildActionMask = 2147483647;
			files = (
				ECFE46911D8E56447EF26F93 /* Pods_CClin_iOS.framework in Frameworks */,
			);
			runOnlyForDeploymentPostprocessing = 0;
		};
/* End PBXFrameworksBuildPhase section */

/* Begin PBXGroup section */
		3792304E64557648338800C3 /* Pods */ = {
			isa = PBXGroup;
			children = (
				C10F2192C0D7BB381CBC878A /* Pods-CClin_iOS.debug.xcconfig */,
				2698935A07081062C0D7672D /* Pods-CClin_iOS.release.xcconfig */,
			);
			path = Pods;
			sourceTree = "<group>";
		};
		74510307282C08B70022F444 = {
			isa = PBXGroup;
			children = (
				74510312282C08B70022F444 /* CClin_iOS */,
				74510311282C08B70022F444 /* Products */,
				3792304E64557648338800C3 /* Pods */,
				C6FD2D499023DB2D54E6D3AD /* Frameworks */,
			);
			sourceTree = "<group>";
		};
		74510311282C08B70022F444 /* Products */ = {
			isa = PBXGroup;
			children = (
				74510310282C08B70022F444 /* CClin_iOS.app */,
			);
			name = Products;
			sourceTree = "<group>";
		};
		74510312282C08B70022F444 /* CClin_iOS */ = {
			isa = PBXGroup;
			children = (
				74B6BCBB2837A3A000168B31 /* CClin-iOS-Info.plist */,
				74510313282C08B70022F444 /* CClin_iOSApp.swift */,
				74AB015C2833E35C00996486 /* Modules */,
				7457C4A2282EA995008E7CA5 /* Model */,
				74510326282C09D70022F444 /* View */,
				74510327282C0A1D0022F444 /* Extension */,
				74B6BCB02837A21700168B31 /* Font */,
				74510317282C08B90022F444 /* Assets.xcassets */,
				7451031C282C08B90022F444 /* Persistence.swift */,
				7451031E282C08B90022F444 /* CClin_iOS.xcdatamodeld */,
				74510319282C08B90022F444 /* Preview Content */,
			);
			path = CClin_iOS;
			sourceTree = "<group>";
		};
		74510319282C08B90022F444 /* Preview Content */ = {
			isa = PBXGroup;
			children = (
				7451031A282C08B90022F444 /* Preview Assets.xcassets */,
			);
			path = "Preview Content";
			sourceTree = "<group>";
		};
		74510326282C09D70022F444 /* View */ = {
			isa = PBXGroup;
			children = (
				74510315282C08B70022F444 /* ContentView.swift */,
				74B6BCC528389AEE00168B31 /* HomeView */,
				74B6BCBE2837B1FC00168B31 /* MyPageView */,
				74793E3128333103008CE9F3 /*  SponsoredView */,
				7451032F282E4FFC0022F444 /* Component */,
				7451032C282E4FDA0022F444 /* Login+Register */,
			);
			path = View;
			sourceTree = "<group>";
		};
		74510327282C0A1D0022F444 /* Extension */ = {
			isa = PBXGroup;
			children = (
				74510328282C0A320022F444 /* Color+hex.swift */,
				7457C49A282E51ED008E7CA5 /* RoundTextFieldStyle.swift */,
				7457C49C282E5D1D008E7CA5 /* CheckboxToggleStyle.swift */,
			);
			path = Extension;
			sourceTree = "<group>";
		};
		7451032C282E4FDA0022F444 /* Login+Register */ = {
			isa = PBXGroup;
			children = (
				7451032D282E4FEE0022F444 /* LoginView.swift */,
				74793E2D283292A5008CE9F3 /* SelectRegisterTypeView.swift */,
				7457C498282E5158008E7CA5 /* ClubRegisterView1.swift */,
				7457C4A0282E989E008E7CA5 /* ClubRegisterView2.swift */,
				74793E2F283296C6008CE9F3 /* RegisterApprovedView.swift */,
				7457C49E282E6DE1008E7CA5 /* TermView.swift */,
			);
			path = "Login+Register";
			sourceTree = "<group>";
		};
		7451032F282E4FFC0022F444 /* Component */ = {
			isa = PBXGroup;
			children = (
				74510330282E50120022F444 /* LargeButton.swift */,
				74793E342833378F008CE9F3 /* SearchBar.swift */,
				74B6BCAE283795EE00168B31 /* ProgressBar.swift */,
			);
			path = Component;
			sourceTree = "<group>";
		};
		7457C4A2282EA995008E7CA5 /* Model */ = {
			isa = PBXGroup;
			children = (
				74B6BCAB28366CF000168B31 /* Realm */,
				74AB01642833F18200996486 /* Remote */,
				74AB01542833D2D700996486 /* SponsoredModel */,
				74AB01502833C5D300996486 /* RegisterModel */,
			);
			path = Model;
			sourceTree = "<group>";
		};
		74793E3128333103008CE9F3 /*  SponsoredView */ = {
			isa = PBXGroup;
			children = (
				74793E322833313D008CE9F3 /* SponsoredHomeView.swift */,
				74AB014D2833BB1200996486 /* SponsoredRowView.swift */,
				74548E75283B6E6900F3802A /* SponsoredFrontRowView.swift */,
				74548E77283B7A3100F3802A /* SponsoredDetailView.swift */,
				74548E79283B7CA200F3802A /* CommentView.swift */,
			);
			path = " SponsoredView";
			sourceTree = "<group>";
		};
		748242252838D0D300BA2023 /* NotificationView */ = {
			isa = PBXGroup;
			children = (
				748242232838CF4900BA2023 /* NotificationView.swift */,
				748242262838D0EC00BA2023 /* NotificationAllView.swift */,
				748242282838D0FE00BA2023 /* NotificationRowView.swift */,
				7482422A2838DC1D00BA2023 /* NotificationMyPostView.swift */,
				748242302838E09400BA2023 /* NotifiacationMyCommentView.swift */,
			);
			path = NotificationView;
			sourceTree = "<group>";
		};
		74AB01502833C5D300996486 /* RegisterModel */ = {
			isa = PBXGroup;
			children = (
				7457C4A3282EA9B2008E7CA5 /* SelectedCategory.swift */,
				7451032A282C0A7A0022F444 /* SelectedTab.swift */,
				7457C4A5282EBBBB008E7CA5 /* SelectedArea.swift */,
				74AB015A2833E04300996486 /* UserModel.swift */,
			);
			path = RegisterModel;
			sourceTree = "<group>";
		};
		74AB01542833D2D700996486 /* SponsoredModel */ = {
			isa = PBXGroup;
			children = (
				74AB01552833D2EE00996486 /* SponsoredWritingModel.swift */,
			);
			path = SponsoredModel;
			sourceTree = "<group>";
		};
		74AB015C2833E35C00996486 /* Modules */ = {
			isa = PBXGroup;
			children = (
				74AB015D2833EED900996486 /* Remote */,
				74AB01682833F3CB00996486 /* UserLoginManager.swift */,
			);
			path = Modules;
			sourceTree = "<group>";
		};
		74AB015D2833EED900996486 /* Remote */ = {
			isa = PBXGroup;
			children = (
				74AB015E2833EEE400996486 /* API.swift */,
				74AB01602833F0F000996486 /* Repositories.swift */,
				74AB01622833F11E00996486 /* HTTPStatusCode+Enum.swift */,
			);
			path = Remote;
			sourceTree = "<group>";
		};
		74AB01642833F18200996486 /* Remote */ = {
			isa = PBXGroup;
			children = (
				74AB01652833F1B000996486 /* Auth */,
			);
			path = Remote;
			sourceTree = "<group>";
		};
		74AB01652833F1B000996486 /* Auth */ = {
			isa = PBXGroup;
			children = (
				74AB01662833F1C400996486 /* RegisterResponse.swift */,
				74AB016A2833F7B000996486 /* LoginResponse.swift */,
			);
			path = Auth;
			sourceTree = "<group>";
		};
		74B6BCAB28366CF000168B31 /* Realm */ = {
			isa = PBXGroup;
			children = (
				74B6BCAC28366D0F00168B31 /* RealmUserModel.swift */,
			);
			path = Realm;
			sourceTree = "<group>";
		};
		74B6BCB02837A21700168B31 /* Font */ = {
			isa = PBXGroup;
			children = (
				74B6BCB12837A25700168B31 /* SpoqaHanSansNeo-Bold.otf */,
				74B6BCB22837A25800168B31 /* SpoqaHanSansNeo-Light.otf */,
				74B6BCB32837A25800168B31 /* SpoqaHanSansNeo-Medium.otf */,
				74B6BCB42837A25900168B31 /* SpoqaHanSansNeo-Regular.otf */,
				74B6BCB52837A25900168B31 /* SpoqaHanSansNeo-Thin.otf */,
				74B6BCBC2837A50200168B31 /* Font+SpoqaHanSansNeo.swift */,
			);
			path = Font;
			sourceTree = "<group>";
		};
		74B6BCBE2837B1FC00168B31 /* MyPageView */ = {
			isa = PBXGroup;
			children = (
				748242252838D0D300BA2023 /* NotificationView */,
				74B6BCBF2837B20E00168B31 /* ClubMyPageView */,
				74B6BCC02837B21E00168B31 /* CompanyMyPage */,
			);
			path = MyPageView;
			sourceTree = "<group>";
		};
		74B6BCBF2837B20E00168B31 /* ClubMyPageView */ = {
			isa = PBXGroup;
			children = (
				74B6BCC12837B2B100168B31 /* ClubMyPageView.swift */,
			);
			path = ClubMyPageView;
			sourceTree = "<group>";
		};
		74B6BCC02837B21E00168B31 /* CompanyMyPage */ = {
			isa = PBXGroup;
			children = (
				7482421B2838BC2500BA2023 /* CompanyMyPageView.swift */,
			);
			path = CompanyMyPage;
			sourceTree = "<group>";
		};
		74B6BCC528389AEE00168B31 /* HomeView */ = {
			isa = PBXGroup;
			children = (
				74B6BCC628389AF900168B31 /* ClubHomeView.swift */,
				74B6BCC828389B2B00168B31 /* NewAlliance.swift */,
				74B6BCCC2838A34500168B31 /* HotProjectRowView.swift */,
				748242192838AF4000BA2023 /* HotCompanyRowView.swift */,
			);
			path = HomeView;
			sourceTree = "<group>";
		};
		C6FD2D499023DB2D54E6D3AD /* Frameworks */ = {
			isa = PBXGroup;
			children = (
				4A9BD1C3073708F23F2D4FB2 /* Pods_CClin_iOS.framework */,
			);
			name = Frameworks;
			sourceTree = "<group>";
		};
/* End PBXGroup section */

/* Begin PBXNativeTarget section */
		7451030F282C08B70022F444 /* CClin_iOS */ = {
			isa = PBXNativeTarget;
			buildConfigurationList = 74510323282C08B90022F444 /* Build configuration list for PBXNativeTarget "CClin_iOS" */;
			buildPhases = (
				91B707E1B3FD89F83F4C1B4E /* [CP] Check Pods Manifest.lock */,
				7451030C282C08B70022F444 /* Sources */,
				7451030D282C08B70022F444 /* Frameworks */,
				7451030E282C08B70022F444 /* Resources */,
				E39FBF4CE39947DE5E5D1EFF /* [CP] Embed Pods Frameworks */,
			);
			buildRules = (
			);
			dependencies = (
			);
			name = CClin_iOS;
			productName = CClin_iOS;
			productReference = 74510310282C08B70022F444 /* CClin_iOS.app */;
			productType = "com.apple.product-type.application";
		};
/* End PBXNativeTarget section */

/* Begin PBXProject section */
		74510308282C08B70022F444 /* Project object */ = {
			isa = PBXProject;
			attributes = {
				BuildIndependentTargetsInParallel = 1;
				LastSwiftUpdateCheck = 1310;
				LastUpgradeCheck = 1310;
				TargetAttributes = {
					7451030F282C08B70022F444 = {
						CreatedOnToolsVersion = 13.1;
					};
				};
			};
			buildConfigurationList = 7451030B282C08B70022F444 /* Build configuration list for PBXProject "CClin_iOS" */;
			compatibilityVersion = "Xcode 13.0";
			developmentRegion = en;
			hasScannedForEncodings = 0;
			knownRegions = (
				en,
				Base,
			);
			mainGroup = 74510307282C08B70022F444;
			productRefGroup = 74510311282C08B70022F444 /* Products */;
			projectDirPath = "";
			projectRoot = "";
			targets = (
				7451030F282C08B70022F444 /* CClin_iOS */,
			);
		};
/* End PBXProject section */

/* Begin PBXResourcesBuildPhase section */
		7451030E282C08B70022F444 /* Resources */ = {
			isa = PBXResourcesBuildPhase;
			buildActionMask = 2147483647;
			files = (
				74B6BCB62837A25900168B31 /* SpoqaHanSansNeo-Bold.otf in Resources */,
				74B6BCB92837A25900168B31 /* SpoqaHanSansNeo-Regular.otf in Resources */,
				7451031B282C08B90022F444 /* Preview Assets.xcassets in Resources */,
				74510318282C08B90022F444 /* Assets.xcassets in Resources */,
				74B6BCB82837A25900168B31 /* SpoqaHanSansNeo-Medium.otf in Resources */,
				74B6BCB72837A25900168B31 /* SpoqaHanSansNeo-Light.otf in Resources */,
				74B6BCBA2837A25900168B31 /* SpoqaHanSansNeo-Thin.otf in Resources */,
			);
			runOnlyForDeploymentPostprocessing = 0;
		};
/* End PBXResourcesBuildPhase section */

/* Begin PBXShellScriptBuildPhase section */
		91B707E1B3FD89F83F4C1B4E /* [CP] Check Pods Manifest.lock */ = {
			isa = PBXShellScriptBuildPhase;
			buildActionMask = 2147483647;
			files = (
			);
			inputFileListPaths = (
			);
			inputPaths = (
				"${PODS_PODFILE_DIR_PATH}/Podfile.lock",
				"${PODS_ROOT}/Manifest.lock",
			);
			name = "[CP] Check Pods Manifest.lock";
			outputFileListPaths = (
			);
			outputPaths = (
				"$(DERIVED_FILE_DIR)/Pods-CClin_iOS-checkManifestLockResult.txt",
			);
			runOnlyForDeploymentPostprocessing = 0;
			shellPath = /bin/sh;
			shellScript = "diff \"${PODS_PODFILE_DIR_PATH}/Podfile.lock\" \"${PODS_ROOT}/Manifest.lock\" > /dev/null\nif [ $? != 0 ] ; then\n    # print error to STDERR\n    echo \"error: The sandbox is not in sync with the Podfile.lock. Run 'pod install' or update your CocoaPods installation.\" >&2\n    exit 1\nfi\n# This output is used by Xcode 'outputs' to avoid re-running this script phase.\necho \"SUCCESS\" > \"${SCRIPT_OUTPUT_FILE_0}\"\n";
			showEnvVarsInLog = 0;
		};
		E39FBF4CE39947DE5E5D1EFF /* [CP] Embed Pods Frameworks */ = {
			isa = PBXShellScriptBuildPhase;
			buildActionMask = 2147483647;
			files = (
			);
			inputFileListPaths = (
				"${PODS_ROOT}/Target Support Files/Pods-CClin_iOS/Pods-CClin_iOS-frameworks-${CONFIGURATION}-input-files.xcfilelist",
			);
			name = "[CP] Embed Pods Frameworks";
			outputFileListPaths = (
				"${PODS_ROOT}/Target Support Files/Pods-CClin_iOS/Pods-CClin_iOS-frameworks-${CONFIGURATION}-output-files.xcfilelist",
			);
			runOnlyForDeploymentPostprocessing = 0;
			shellPath = /bin/sh;
			shellScript = "\"${PODS_ROOT}/Target Support Files/Pods-CClin_iOS/Pods-CClin_iOS-frameworks.sh\"\n";
			showEnvVarsInLog = 0;
		};
/* End PBXShellScriptBuildPhase section */

/* Begin PBXSourcesBuildPhase section */
		7451030C282C08B70022F444 /* Sources */ = {
			isa = PBXSourcesBuildPhase;
			buildActionMask = 2147483647;
			files = (
				7457C4A4282EA9B2008E7CA5 /* SelectedCategory.swift in Sources */,
				7451032B282C0A7A0022F444 /* SelectedTab.swift in Sources */,
				7457C4A6282EBBBB008E7CA5 /* SelectedArea.swift in Sources */,
				74793E332833313D008CE9F3 /* SponsoredHomeView.swift in Sources */,
				74AB01692833F3CB00996486 /* UserLoginManager.swift in Sources */,
				74B6BCBD2837A50200168B31 /* Font+SpoqaHanSansNeo.swift in Sources */,
				748242292838D0FE00BA2023 /* NotificationRowView.swift in Sources */,
				74548E76283B6E6900F3802A /* SponsoredFrontRowView.swift in Sources */,
				7451032E282E4FEE0022F444 /* LoginView.swift in Sources */,
				74AB016B2833F7B000996486 /* LoginResponse.swift in Sources */,
				7457C499282E5158008E7CA5 /* ClubRegisterView1.swift in Sources */,
				7482422B2838DC1D00BA2023 /* NotificationMyPostView.swift in Sources */,
				74AB01612833F0F000996486 /* Repositories.swift in Sources */,
				74793E30283296C6008CE9F3 /* RegisterApprovedView.swift in Sources */,
				74AB01562833D2EE00996486 /* SponsoredWritingModel.swift in Sources */,
				74AB01672833F1C400996486 /* RegisterResponse.swift in Sources */,
				74AB015B2833E04300996486 /* UserModel.swift in Sources */,
				7457C4A1282E989E008E7CA5 /* ClubRegisterView2.swift in Sources */,
				74548E7A283B7CA200F3802A /* CommentView.swift in Sources */,
				7482421C2838BC2500BA2023 /* CompanyMyPageView.swift in Sources */,
				7451031D282C08B90022F444 /* Persistence.swift in Sources */,
				748242242838CF4900BA2023 /* NotificationView.swift in Sources */,
				7457C49D282E5D1D008E7CA5 /* CheckboxToggleStyle.swift in Sources */,
				74510331282E50120022F444 /* LargeButton.swift in Sources */,
				74B6BCCD2838A34500168B31 /* HotProjectRowView.swift in Sources */,
				74793E2E283292A5008CE9F3 /* SelectRegisterTypeView.swift in Sources */,
				74B6BCC22837B2B100168B31 /* ClubMyPageView.swift in Sources */,
				74510329282C0A320022F444 /* Color+hex.swift in Sources */,
				74548E78283B7A3100F3802A /* SponsoredDetailView.swift in Sources */,
				748242312838E09400BA2023 /* NotifiacationMyCommentView.swift in Sources */,
				74510320282C08B90022F444 /* CClin_iOS.xcdatamodeld in Sources */,
				74B6BCAD28366D0F00168B31 /* RealmUserModel.swift in Sources */,
				74B6BCC928389B2B00168B31 /* NewAlliance.swift in Sources */,
				7482421A2838AF4000BA2023 /* HotCompanyRowView.swift in Sources */,
				7457C49F282E6DE1008E7CA5 /* TermView.swift in Sources */,
				74793E352833378F008CE9F3 /* SearchBar.swift in Sources */,
				74510316282C08B70022F444 /* ContentView.swift in Sources */,
				74AB014E2833BB1200996486 /* SponsoredRowView.swift in Sources */,
				7457C49B282E51ED008E7CA5 /* RoundTextFieldStyle.swift in Sources */,
				74B6BCC728389AF900168B31 /* ClubHomeView.swift in Sources */,
				74AB015F2833EEE400996486 /* API.swift in Sources */,
				74510314282C08B70022F444 /* CClin_iOSApp.swift in Sources */,
				748242272838D0EC00BA2023 /* NotificationAllView.swift in Sources */,
				74B6BCAF283795EE00168B31 /* ProgressBar.swift in Sources */,
				74AB01632833F11E00996486 /* HTTPStatusCode+Enum.swift in Sources */,
			);
			runOnlyForDeploymentPostprocessing = 0;
		};
/* End PBXSourcesBuildPhase section */

/* Begin XCBuildConfiguration section */
		74510321282C08B90022F444 /* Debug */ = {
			isa = XCBuildConfiguration;
			buildSettings = {
				ALWAYS_SEARCH_USER_PATHS = NO;
				CLANG_ANALYZER_NONNULL = YES;
				CLANG_ANALYZER_NUMBER_OBJECT_CONVERSION = YES_AGGRESSIVE;
				CLANG_CXX_LANGUAGE_STANDARD = "gnu++17";
				CLANG_CXX_LIBRARY = "libc++";
				CLANG_ENABLE_MODULES = YES;
				CLANG_ENABLE_OBJC_ARC = YES;
				CLANG_ENABLE_OBJC_WEAK = YES;
				CLANG_WARN_BLOCK_CAPTURE_AUTORELEASING = YES;
				CLANG_WARN_BOOL_CONVERSION = YES;
				CLANG_WARN_COMMA = YES;
				CLANG_WARN_CONSTANT_CONVERSION = YES;
				CLANG_WARN_DEPRECATED_OBJC_IMPLEMENTATIONS = YES;
				CLANG_WARN_DIRECT_OBJC_ISA_USAGE = YES_ERROR;
				CLANG_WARN_DOCUMENTATION_COMMENTS = YES;
				CLANG_WARN_EMPTY_BODY = YES;
				CLANG_WARN_ENUM_CONVERSION = YES;
				CLANG_WARN_INFINITE_RECURSION = YES;
				CLANG_WARN_INT_CONVERSION = YES;
				CLANG_WARN_NON_LITERAL_NULL_CONVERSION = YES;
				CLANG_WARN_OBJC_IMPLICIT_RETAIN_SELF = YES;
				CLANG_WARN_OBJC_LITERAL_CONVERSION = YES;
				CLANG_WARN_OBJC_ROOT_CLASS = YES_ERROR;
				CLANG_WARN_QUOTED_INCLUDE_IN_FRAMEWORK_HEADER = YES;
				CLANG_WARN_RANGE_LOOP_ANALYSIS = YES;
				CLANG_WARN_STRICT_PROTOTYPES = YES;
				CLANG_WARN_SUSPICIOUS_MOVE = YES;
				CLANG_WARN_UNGUARDED_AVAILABILITY = YES_AGGRESSIVE;
				CLANG_WARN_UNREACHABLE_CODE = YES;
				CLANG_WARN__DUPLICATE_METHOD_MATCH = YES;
				COPY_PHASE_STRIP = NO;
				DEBUG_INFORMATION_FORMAT = dwarf;
				ENABLE_STRICT_OBJC_MSGSEND = YES;
				ENABLE_TESTABILITY = YES;
				GCC_C_LANGUAGE_STANDARD = gnu11;
				GCC_DYNAMIC_NO_PIC = NO;
				GCC_NO_COMMON_BLOCKS = YES;
				GCC_OPTIMIZATION_LEVEL = 0;
				GCC_PREPROCESSOR_DEFINITIONS = (
					"DEBUG=1",
					"$(inherited)",
				);
				GCC_WARN_64_TO_32_BIT_CONVERSION = YES;
				GCC_WARN_ABOUT_RETURN_TYPE = YES_ERROR;
				GCC_WARN_UNDECLARED_SELECTOR = YES;
				GCC_WARN_UNINITIALIZED_AUTOS = YES_AGGRESSIVE;
				GCC_WARN_UNUSED_FUNCTION = YES;
				GCC_WARN_UNUSED_VARIABLE = YES;
				IPHONEOS_DEPLOYMENT_TARGET = 15.0;
				MTL_ENABLE_DEBUG_INFO = INCLUDE_SOURCE;
				MTL_FAST_MATH = YES;
				ONLY_ACTIVE_ARCH = YES;
				SDKROOT = iphoneos;
				SWIFT_ACTIVE_COMPILATION_CONDITIONS = DEBUG;
				SWIFT_OPTIMIZATION_LEVEL = "-Onone";
			};
			name = Debug;
		};
		74510322282C08B90022F444 /* Release */ = {
			isa = XCBuildConfiguration;
			buildSettings = {
				ALWAYS_SEARCH_USER_PATHS = NO;
				CLANG_ANALYZER_NONNULL = YES;
				CLANG_ANALYZER_NUMBER_OBJECT_CONVERSION = YES_AGGRESSIVE;
				CLANG_CXX_LANGUAGE_STANDARD = "gnu++17";
				CLANG_CXX_LIBRARY = "libc++";
				CLANG_ENABLE_MODULES = YES;
				CLANG_ENABLE_OBJC_ARC = YES;
				CLANG_ENABLE_OBJC_WEAK = YES;
				CLANG_WARN_BLOCK_CAPTURE_AUTORELEASING = YES;
				CLANG_WARN_BOOL_CONVERSION = YES;
				CLANG_WARN_COMMA = YES;
				CLANG_WARN_CONSTANT_CONVERSION = YES;
				CLANG_WARN_DEPRECATED_OBJC_IMPLEMENTATIONS = YES;
				CLANG_WARN_DIRECT_OBJC_ISA_USAGE = YES_ERROR;
				CLANG_WARN_DOCUMENTATION_COMMENTS = YES;
				CLANG_WARN_EMPTY_BODY = YES;
				CLANG_WARN_ENUM_CONVERSION = YES;
				CLANG_WARN_INFINITE_RECURSION = YES;
				CLANG_WARN_INT_CONVERSION = YES;
				CLANG_WARN_NON_LITERAL_NULL_CONVERSION = YES;
				CLANG_WARN_OBJC_IMPLICIT_RETAIN_SELF = YES;
				CLANG_WARN_OBJC_LITERAL_CONVERSION = YES;
				CLANG_WARN_OBJC_ROOT_CLASS = YES_ERROR;
				CLANG_WARN_QUOTED_INCLUDE_IN_FRAMEWORK_HEADER = YES;
				CLANG_WARN_RANGE_LOOP_ANALYSIS = YES;
				CLANG_WARN_STRICT_PROTOTYPES = YES;
				CLANG_WARN_SUSPICIOUS_MOVE = YES;
				CLANG_WARN_UNGUARDED_AVAILABILITY = YES_AGGRESSIVE;
				CLANG_WARN_UNREACHABLE_CODE = YES;
				CLANG_WARN__DUPLICATE_METHOD_MATCH = YES;
				COPY_PHASE_STRIP = NO;
				DEBUG_INFORMATION_FORMAT = "dwarf-with-dsym";
				ENABLE_NS_ASSERTIONS = NO;
				ENABLE_STRICT_OBJC_MSGSEND = YES;
				GCC_C_LANGUAGE_STANDARD = gnu11;
				GCC_NO_COMMON_BLOCKS = YES;
				GCC_WARN_64_TO_32_BIT_CONVERSION = YES;
				GCC_WARN_ABOUT_RETURN_TYPE = YES_ERROR;
				GCC_WARN_UNDECLARED_SELECTOR = YES;
				GCC_WARN_UNINITIALIZED_AUTOS = YES_AGGRESSIVE;
				GCC_WARN_UNUSED_FUNCTION = YES;
				GCC_WARN_UNUSED_VARIABLE = YES;
				IPHONEOS_DEPLOYMENT_TARGET = 15.0;
				MTL_ENABLE_DEBUG_INFO = NO;
				MTL_FAST_MATH = YES;
				SDKROOT = iphoneos;
				SWIFT_COMPILATION_MODE = wholemodule;
				SWIFT_OPTIMIZATION_LEVEL = "-O";
				VALIDATE_PRODUCT = YES;
			};
			name = Release;
		};
		74510324282C08B90022F444 /* Debug */ = {
			isa = XCBuildConfiguration;
			baseConfigurationReference = C10F2192C0D7BB381CBC878A /* Pods-CClin_iOS.debug.xcconfig */;
			buildSettings = {
				ASSETCATALOG_COMPILER_APPICON_NAME = AppIcon;
				ASSETCATALOG_COMPILER_GLOBAL_ACCENT_COLOR_NAME = AccentColor;
				CODE_SIGN_STYLE = Automatic;
				CURRENT_PROJECT_VERSION = 1;
				DEVELOPMENT_ASSET_PATHS = "\"CClin_iOS/Preview Content\"";
				DEVELOPMENT_TEAM = WYMZZ4Z5Z5;
				ENABLE_PREVIEWS = YES;
				GENERATE_INFOPLIST_FILE = YES;
				INFOPLIST_FILE = "CClin-iOS-Info.plist";
				INFOPLIST_KEY_UIApplicationSceneManifest_Generation = YES;
				INFOPLIST_KEY_UIApplicationSupportsIndirectInputEvents = YES;
				INFOPLIST_KEY_UILaunchScreen_Generation = YES;
				INFOPLIST_KEY_UISupportedInterfaceOrientations_iPad = "UIInterfaceOrientationPortrait UIInterfaceOrientationPortraitUpsideDown UIInterfaceOrientationLandscapeLeft UIInterfaceOrientationLandscapeRight";
				INFOPLIST_KEY_UISupportedInterfaceOrientations_iPhone = "UIInterfaceOrientationPortrait UIInterfaceOrientationLandscapeLeft UIInterfaceOrientationLandscapeRight";
				LD_RUNPATH_SEARCH_PATHS = (
					"$(inherited)",
					"@executable_path/Frameworks",
				);
				MARKETING_VERSION = 1.0;
				PRODUCT_BUNDLE_IDENTIFIER = "com.hongseeun.CClin-iOS";
				PRODUCT_NAME = "$(TARGET_NAME)";
				SWIFT_EMIT_LOC_STRINGS = YES;
				SWIFT_VERSION = 5.0;
				TARGETED_DEVICE_FAMILY = "1,2";
			};
			name = Debug;
		};
		74510325282C08B90022F444 /* Release */ = {
			isa = XCBuildConfiguration;
			baseConfigurationReference = 2698935A07081062C0D7672D /* Pods-CClin_iOS.release.xcconfig */;
			buildSettings = {
				ASSETCATALOG_COMPILER_APPICON_NAME = AppIcon;
				ASSETCATALOG_COMPILER_GLOBAL_ACCENT_COLOR_NAME = AccentColor;
				CODE_SIGN_STYLE = Automatic;
				CURRENT_PROJECT_VERSION = 1;
				DEVELOPMENT_ASSET_PATHS = "\"CClin_iOS/Preview Content\"";
				DEVELOPMENT_TEAM = WYMZZ4Z5Z5;
				ENABLE_PREVIEWS = YES;
				GENERATE_INFOPLIST_FILE = YES;
				INFOPLIST_FILE = "CClin-iOS-Info.plist";
				INFOPLIST_KEY_UIApplicationSceneManifest_Generation = YES;
				INFOPLIST_KEY_UIApplicationSupportsIndirectInputEvents = YES;
				INFOPLIST_KEY_UILaunchScreen_Generation = YES;
				INFOPLIST_KEY_UISupportedInterfaceOrientations_iPad = "UIInterfaceOrientationPortrait UIInterfaceOrientationPortraitUpsideDown UIInterfaceOrientationLandscapeLeft UIInterfaceOrientationLandscapeRight";
				INFOPLIST_KEY_UISupportedInterfaceOrientations_iPhone = "UIInterfaceOrientationPortrait UIInterfaceOrientationLandscapeLeft UIInterfaceOrientationLandscapeRight";
				LD_RUNPATH_SEARCH_PATHS = (
					"$(inherited)",
					"@executable_path/Frameworks",
				);
				MARKETING_VERSION = 1.0;
				PRODUCT_BUNDLE_IDENTIFIER = "com.hongseeun.CClin-iOS";
				PRODUCT_NAME = "$(TARGET_NAME)";
				SWIFT_EMIT_LOC_STRINGS = YES;
				SWIFT_VERSION = 5.0;
				TARGETED_DEVICE_FAMILY = "1,2";
			};
			name = Release;
		};
/* End XCBuildConfiguration section */

/* Begin XCConfigurationList section */
		7451030B282C08B70022F444 /* Build configuration list for PBXProject "CClin_iOS" */ = {
			isa = XCConfigurationList;
			buildConfigurations = (
				74510321282C08B90022F444 /* Debug */,
				74510322282C08B90022F444 /* Release */,
			);
			defaultConfigurationIsVisible = 0;
			defaultConfigurationName = Release;
		};
		74510323282C08B90022F444 /* Build configuration list for PBXNativeTarget "CClin_iOS" */ = {
			isa = XCConfigurationList;
			buildConfigurations = (
				74510324282C08B90022F444 /* Debug */,
				74510325282C08B90022F444 /* Release */,
			);
			defaultConfigurationIsVisible = 0;
			defaultConfigurationName = Release;
		};
/* End XCConfigurationList section */

/* Begin XCVersionGroup section */
		7451031E282C08B90022F444 /* CClin_iOS.xcdatamodeld */ = {
			isa = XCVersionGroup;
			children = (
				7451031F282C08B90022F444 /* CClin_iOS.xcdatamodel */,
			);
			currentVersion = 7451031F282C08B90022F444 /* CClin_iOS.xcdatamodel */;
			path = CClin_iOS.xcdatamodeld;
			sourceTree = "<group>";
			versionGroupType = wrapper.xcdatamodel;
		};
/* End XCVersionGroup section */
	};
	rootObject = 74510308282C08B70022F444 /* Project object */;
}
